// !$*UTF8*$!
{
	archiveVersion = 1;
	classes = {
	};
	objectVersion = 46;
	objects = {

/* Begin PBXBuildFile section */
		431F63241937BB2900AE9A8D /* Foundation.framework in Frameworks */ = {isa = PBXBuildFile; fileRef = 431F63231937BB2900AE9A8D /* Foundation.framework */; };
		431F63261937BB2900AE9A8D /* CoreGraphics.framework in Frameworks */ = {isa = PBXBuildFile; fileRef = 431F63251937BB2900AE9A8D /* CoreGraphics.framework */; };
		431F63281937BB2900AE9A8D /* UIKit.framework in Frameworks */ = {isa = PBXBuildFile; fileRef = 431F63271937BB2900AE9A8D /* UIKit.framework */; };
		431F632A1937BB2900AE9A8D /* CoreData.framework in Frameworks */ = {isa = PBXBuildFile; fileRef = 431F63291937BB2900AE9A8D /* CoreData.framework */; };
		431F63301937BB2900AE9A8D /* InfoPlist.strings in Resources */ = {isa = PBXBuildFile; fileRef = 431F632E1937BB2900AE9A8D /* InfoPlist.strings */; };
		431F63321937BB2900AE9A8D /* main.m in Sources */ = {isa = PBXBuildFile; fileRef = 431F63311937BB2900AE9A8D /* main.m */; };
		431F63361937BB2900AE9A8D /* SQLAppDelegate.m in Sources */ = {isa = PBXBuildFile; fileRef = 431F63351937BB2900AE9A8D /* SQLAppDelegate.m */; };
		431F63391937BB2900AE9A8D /* ExampleReadWriteData.xcdatamodeld in Sources */ = {isa = PBXBuildFile; fileRef = 431F63371937BB2900AE9A8D /* ExampleReadWriteData.xcdatamodeld */; };
		431F633B1937BB2900AE9A8D /* Images.xcassets in Resources */ = {isa = PBXBuildFile; fileRef = 431F633A1937BB2900AE9A8D /* Images.xcassets */; };
		431F63421937BB2900AE9A8D /* XCTest.framework in Frameworks */ = {isa = PBXBuildFile; fileRef = 431F63411937BB2900AE9A8D /* XCTest.framework */; };
		431F63431937BB2900AE9A8D /* Foundation.framework in Frameworks */ = {isa = PBXBuildFile; fileRef = 431F63231937BB2900AE9A8D /* Foundation.framework */; };
		431F63441937BB2900AE9A8D /* UIKit.framework in Frameworks */ = {isa = PBXBuildFile; fileRef = 431F63271937BB2900AE9A8D /* UIKit.framework */; };
		431F63451937BB2900AE9A8D /* CoreData.framework in Frameworks */ = {isa = PBXBuildFile; fileRef = 431F63291937BB2900AE9A8D /* CoreData.framework */; };
		431F634D1937BB2900AE9A8D /* InfoPlist.strings in Resources */ = {isa = PBXBuildFile; fileRef = 431F634B1937BB2900AE9A8D /* InfoPlist.strings */; };
		431F634F1937BB2900AE9A8D /* ExampleReadWriteDataTests.m in Sources */ = {isa = PBXBuildFile; fileRef = 431F634E1937BB2900AE9A8D /* ExampleReadWriteDataTests.m */; };
		431F63591937BB4600AE9A8D /* libsqlite3.dylib in Frameworks */ = {isa = PBXBuildFile; fileRef = 431F63581937BB4600AE9A8D /* libsqlite3.dylib */; };
		431F635D1937BB5400AE9A8D /* SQLViewController.m in Sources */ = {isa = PBXBuildFile; fileRef = 431F635B1937BB5400AE9A8D /* SQLViewController.m */; };
		431F635E1937BB5400AE9A8D /* SQLViewController.xib in Resources */ = {isa = PBXBuildFile; fileRef = 431F635C1937BB5400AE9A8D /* SQLViewController.xib */; };
/* End PBXBuildFile section */

/* Begin PBXContainerItemProxy section */
		431F63461937BB2900AE9A8D /* PBXContainerItemProxy */ = {
			isa = PBXContainerItemProxy;
			containerPortal = 431F63181937BB2900AE9A8D /* Project object */;
			proxyType = 1;
			remoteGlobalIDString = 431F631F1937BB2900AE9A8D;
			remoteInfo = ExampleReadWriteData;
		};
/* End PBXContainerItemProxy section */

/* Begin PBXFileReference section */
		431F63201937BB2900AE9A8D /* ExampleReadWriteData.app */ = {isa = PBXFileReference; explicitFileType = wrapper.application; includeInIndex = 0; path = ExampleReadWriteData.app; sourceTree = BUILT_PRODUCTS_DIR; };
		431F63231937BB2900AE9A8D /* Foundation.framework */ = {isa = PBXFileReference; lastKnownFileType = wrapper.framework; name = Foundation.framework; path = System/Library/Frameworks/Foundation.framework; sourceTree = SDKROOT; };
		431F63251937BB2900AE9A8D /* CoreGraphics.framework */ = {isa = PBXFileReference; lastKnownFileType = wrapper.framework; name = CoreGraphics.framework; path = System/Library/Frameworks/CoreGraphics.framework; sourceTree = SDKROOT; };
		431F63271937BB2900AE9A8D /* UIKit.framework */ = {isa = PBXFileReference; lastKnownFileType = wrapper.framework; name = UIKit.framework; path = System/Library/Frameworks/UIKit.framework; sourceTree = SDKROOT; };
		431F63291937BB2900AE9A8D /* CoreData.framework */ = {isa = PBXFileReference; lastKnownFileType = wrapper.framework; name = CoreData.framework; path = System/Library/Frameworks/CoreData.framework; sourceTree = SDKROOT; };
		431F632D1937BB2900AE9A8D /* ExampleReadWriteData-Info.plist */ = {isa = PBXFileReference; lastKnownFileType = text.plist.xml; path = "ExampleReadWriteData-Info.plist"; sourceTree = "<group>"; };
		431F632F1937BB2900AE9A8D /* en */ = {isa = PBXFileReference; lastKnownFileType = text.plist.strings; name = en; path = en.lproj/InfoPlist.strings; sourceTree = "<group>"; };
		431F63311937BB2900AE9A8D /* main.m */ = {isa = PBXFileReference; lastKnownFileType = sourcecode.c.objc; path = main.m; sourceTree = "<group>"; };
		431F63331937BB2900AE9A8D /* ExampleReadWriteData-Prefix.pch */ = {isa = PBXFileReference; lastKnownFileType = sourcecode.c.h; path = "ExampleReadWriteData-Prefix.pch"; sourceTree = "<group>"; };
		431F63341937BB2900AE9A8D /* SQLAppDelegate.h */ = {isa = PBXFileReference; lastKnownFileType = sourcecode.c.h; path = SQLAppDelegate.h; sourceTree = "<group>"; };
		431F63351937BB2900AE9A8D /* SQLAppDelegate.m */ = {isa = PBXFileReference; lastKnownFileType = sourcecode.c.objc; path = SQLAppDelegate.m; sourceTree = "<group>"; };
		431F63381937BB2900AE9A8D /* ExampleReadWriteData.xcdatamodel */ = {isa = PBXFileReference; lastKnownFileType = wrapper.xcdatamodel; path = ExampleReadWriteData.xcdatamodel; sourceTree = "<group>"; };
		431F633A1937BB2900AE9A8D /* Images.xcassets */ = {isa = PBXFileReference; lastKnownFileType = folder.assetcatalog; path = Images.xcassets; sourceTree = "<group>"; };
		431F63401937BB2900AE9A8D /* ExampleReadWriteDataTests.xctest */ = {isa = PBXFileReference; explicitFileType = wrapper.cfbundle; includeInIndex = 0; path = ExampleReadWriteDataTests.xctest; sourceTree = BUILT_PRODUCTS_DIR; };
		431F63411937BB2900AE9A8D /* XCTest.framework */ = {isa = PBXFileReference; lastKnownFileType = wrapper.framework; name = XCTest.framework; path = Library/Frameworks/XCTest.framework; sourceTree = DEVELOPER_DIR; };
		431F634A1937BB2900AE9A8D /* ExampleReadWriteDataTests-Info.plist */ = {isa = PBXFileReference; lastKnownFileType = text.plist.xml; path = "ExampleReadWriteDataTests-Info.plist"; sourceTree = "<group>"; };
		431F634C1937BB2900AE9A8D /* en */ = {isa = PBXFileReference; lastKnownFileType = text.plist.strings; name = en; path = en.lproj/InfoPlist.strings; sourceTree = "<group>"; };
		431F634E1937BB2900AE9A8D /* ExampleReadWriteDataTests.m */ = {isa = PBXFileReference; lastKnownFileType = sourcecode.c.objc; path = ExampleReadWriteDataTests.m; sourceTree = "<group>"; };
		431F63581937BB4600AE9A8D /* libsqlite3.dylib */ = {isa = PBXFileReference; lastKnownFileType = "compiled.mach-o.dylib"; name = libsqlite3.dylib; path = usr/lib/libsqlite3.dylib; sourceTree = SDKROOT; };
		431F635A1937BB5400AE9A8D /* SQLViewController.h */ = {isa = PBXFileReference; fileEncoding = 4; lastKnownFileType = sourcecode.c.h; path = SQLViewController.h; sourceTree = "<group>"; };
		431F635B1937BB5400AE9A8D /* SQLViewController.m */ = {isa = PBXFileReference; fileEncoding = 4; lastKnownFileType = sourcecode.c.objc; path = SQLViewController.m; sourceTree = "<group>"; };
		431F635C1937BB5400AE9A8D /* SQLViewController.xib */ = {isa = PBXFileReference; fileEncoding = 4; lastKnownFileType = file.xib; path = SQLViewController.xib; sourceTree = "<group>"; };
/* End PBXFileReference section */

/* Begin PBXFrameworksBuildPhase section */
		431F631D1937BB2900AE9A8D /* Frameworks */ = {
			isa = PBXFrameworksBuildPhase;
			buildActionMask = 2147483647;
			files = (
				431F63591937BB4600AE9A8D /* libsqlite3.dylib in Frameworks */,
				431F63261937BB2900AE9A8D /* CoreGraphics.framework in Frameworks */,
				431F632A1937BB2900AE9A8D /* CoreData.framework in Frameworks */,
				431F63281937BB2900AE9A8D /* UIKit.framework in Frameworks */,
				431F63241937BB2900AE9A8D /* Foundation.framework in Frameworks */,
			);
			runOnlyForDeploymentPostprocessing = 0;
		};
		431F633D1937BB2900AE9A8D /* Frameworks */ = {
			isa = PBXFrameworksBuildPhase;
			buildActionMask = 2147483647;
			files = (
				431F63421937BB2900AE9A8D /* XCTest.framework in Frameworks */,
				431F63451937BB2900AE9A8D /* CoreData.framework in Frameworks */,
				431F63441937BB2900AE9A8D /* UIKit.framework in Frameworks */,
				431F63431937BB2900AE9A8D /* Foundation.framework in Frameworks */,
			);
			runOnlyForDeploymentPostprocessing = 0;
		};
/* End PBXFrameworksBuildPhase section */

/* Begin PBXGroup section */
		431F63171937BB2900AE9A8D = {
			isa = PBXGroup;
			children = (
				431F632B1937BB2900AE9A8D /* ExampleReadWriteData */,
				431F63481937BB2900AE9A8D /* ExampleReadWriteDataTests */,
				431F63221937BB2900AE9A8D /* Frameworks */,
				431F63211937BB2900AE9A8D /* Products */,
			);
			sourceTree = "<group>";
		};
		431F63211937BB2900AE9A8D /* Products */ = {
			isa = PBXGroup;
			children = (
				431F63201937BB2900AE9A8D /* ExampleReadWriteData.app */,
				431F63401937BB2900AE9A8D /* ExampleReadWriteDataTests.xctest */,
			);
			name = Products;
			sourceTree = "<group>";
		};
		431F63221937BB2900AE9A8D /* Frameworks */ = {
			isa = PBXGroup;
			children = (
				431F63581937BB4600AE9A8D /* libsqlite3.dylib */,
				431F63231937BB2900AE9A8D /* Foundation.framework */,
				431F63251937BB2900AE9A8D /* CoreGraphics.framework */,
				431F63271937BB2900AE9A8D /* UIKit.framework */,
				431F63291937BB2900AE9A8D /* CoreData.framework */,
				431F63411937BB2900AE9A8D /* XCTest.framework */,
			);
			name = Frameworks;
			sourceTree = "<group>";
		};
		431F632B1937BB2900AE9A8D /* ExampleReadWriteData */ = {
			isa = PBXGroup;
			children = (
				431F63341937BB2900AE9A8D /* SQLAppDelegate.h */,
				431F63351937BB2900AE9A8D /* SQLAppDelegate.m */,
				431F633A1937BB2900AE9A8D /* Images.xcassets */,
				431F63371937BB2900AE9A8D /* ExampleReadWriteData.xcdatamodeld */,
				431F632C1937BB2900AE9A8D /* Supporting Files */,
				431F635A1937BB5400AE9A8D /* SQLViewController.h */,
				431F635B1937BB5400AE9A8D /* SQLViewController.m */,
				431F635C1937BB5400AE9A8D /* SQLViewController.xib */,
			);
			path = ExampleReadWriteData;
			sourceTree = "<group>";
		};
		431F632C1937BB2900AE9A8D /* Supporting Files */ = {
			isa = PBXGroup;
			children = (
				431F632D1937BB2900AE9A8D /* ExampleReadWriteData-Info.plist */,
				431F632E1937BB2900AE9A8D /* InfoPlist.strings */,
				431F63311937BB2900AE9A8D /* main.m */,
				431F63331937BB2900AE9A8D /* ExampleReadWriteData-Prefix.pch */,
			);
			name = "Supporting Files";
			sourceTree = "<group>";
		};
		431F63481937BB2900AE9A8D /* ExampleReadWriteDataTests */ = {
			isa = PBXGroup;
			children = (
				431F634E1937BB2900AE9A8D /* ExampleReadWriteDataTests.m */,
				431F63491937BB2900AE9A8D /* Supporting Files */,
			);
			path = ExampleReadWriteDataTests;
			sourceTree = "<group>";
		};
		431F63491937BB2900AE9A8D /* Supporting Files */ = {
			isa = PBXGroup;
			children = (
				431F634A1937BB2900AE9A8D /* ExampleReadWriteDataTests-Info.plist */,
				431F634B1937BB2900AE9A8D /* InfoPlist.strings */,
			);
			name = "Supporting Files";
			sourceTree = "<group>";
		};
/* End PBXGroup section */

/* Begin PBXNativeTarget section */
		431F631F1937BB2900AE9A8D /* ExampleReadWriteData */ = {
			isa = PBXNativeTarget;
			buildConfigurationList = 431F63521937BB2900AE9A8D /* Build configuration list for PBXNativeTarget "ExampleReadWriteData" */;
			buildPhases = (
				431F631C1937BB2900AE9A8D /* Sources */,
				431F631D1937BB2900AE9A8D /* Frameworks */,
				431F631E1937BB2900AE9A8D /* Resources */,
			);
			buildRules = (
			);
			dependencies = (
			);
			name = ExampleReadWriteData;
			productName = ExampleReadWriteData;
			productReference = 431F63201937BB2900AE9A8D /* ExampleReadWriteData.app */;
			productType = "com.apple.product-type.application";
		};
		431F633F1937BB2900AE9A8D /* ExampleReadWriteDataTests */ = {
			isa = PBXNativeTarget;
			buildConfigurationList = 431F63551937BB2900AE9A8D /* Build configuration list for PBXNativeTarget "ExampleReadWriteDataTests" */;
			buildPhases = (
				431F633C1937BB2900AE9A8D /* Sources */,
				431F633D1937BB2900AE9A8D /* Frameworks */,
				431F633E1937BB2900AE9A8D /* Resources */,
			);
			buildRules = (
			);
			dependencies = (
				431F63471937BB2900AE9A8D /* PBXTargetDependency */,
			);
			name = ExampleReadWriteDataTests;
			productName = ExampleReadWriteDataTests;
			productReference = 431F63401937BB2900AE9A8D /* ExampleReadWriteDataTests.xctest */;
			productType = "com.apple.product-type.bundle.unit-test";
		};
/* End PBXNativeTarget section */

/* Begin PBXProject section */
		431F63181937BB2900AE9A8D /* Project object */ = {
			isa = PBXProject;
			attributes = {
				CLASSPREFIX = SQL;
				LastUpgradeCheck = 0510;
				ORGANIZATIONNAME = "Júlio César Menezes Noronha";
				TargetAttributes = {
					431F633F1937BB2900AE9A8D = {
						TestTargetID = 431F631F1937BB2900AE9A8D;
					};
				};
			};
			buildConfigurationList = 431F631B1937BB2900AE9A8D /* Build configuration list for PBXProject "ExampleReadWriteData" */;
			compatibilityVersion = "Xcode 3.2";
			developmentRegion = English;
			hasScannedForEncodings = 0;
			knownRegions = (
				en,
			);
			mainGroup = 431F63171937BB2900AE9A8D;
			productRefGroup = 431F63211937BB2900AE9A8D /* Products */;
			projectDirPath = "";
			projectRoot = "";
			targets = (
				431F631F1937BB2900AE9A8D /* ExampleReadWriteData */,
				431F633F1937BB2900AE9A8D /* ExampleReadWriteDataTests */,
			);
		};
/* End PBXProject section */

/* Begin PBXResourcesBuildPhase section */
		431F631E1937BB2900AE9A8D /* Resources */ = {
			isa = PBXResourcesBuildPhase;
			buildActionMask = 2147483647;
			files = (
				431F63301937BB2900AE9A8D /* InfoPlist.strings in Resources */,
				431F633B1937BB2900AE9A8D /* Images.xcassets in Resources */,
				431F635E1937BB5400AE9A8D /* SQLViewController.xib in Resources */,
			);
			runOnlyForDeploymentPostprocessing = 0;
		};
		431F633E1937BB2900AE9A8D /* Resources */ = {
			isa = PBXResourcesBuildPhase;
			buildActionMask = 2147483647;
			files = (
				431F634D1937BB2900AE9A8D /* InfoPlist.strings in Resources */,
			);
			runOnlyForDeploymentPostprocessing = 0;
		};
/* End PBXResourcesBuildPhase section */

/* Begin PBXSourcesBuildPhase section */
		431F631C1937BB2900AE9A8D /* Sources */ = {
			isa = PBXSourcesBuildPhase;
			buildActionMask = 2147483647;
			files = (
				431F63321937BB2900AE9A8D /* main.m in Sources */,
				431F635D1937BB5400AE9A8D /* SQLViewController.m in Sources */,
				431F63361937BB2900AE9A8D /* SQLAppDelegate.m in Sources */,
				431F63391937BB2900AE9A8D /* ExampleReadWriteData.xcdatamodeld in Sources */,
			);
			runOnlyForDeploymentPostprocessing = 0;
		};
		431F633C1937BB2900AE9A8D /* Sources */ = {
			isa = PBXSourcesBuildPhase;
			buildActionMask = 2147483647;
			files = (
				431F634F1937BB2900AE9A8D /* ExampleReadWriteDataTests.m in Sources */,
			);
			runOnlyForDeploymentPostprocessing = 0;
		};
/* End PBXSourcesBuildPhase section */

/* Begin PBXTargetDependency section */
		431F63471937BB2900AE9A8D /* PBXTargetDependency */ = {
			isa = PBXTargetDependency;
			target = 431F631F1937BB2900AE9A8D /* ExampleReadWriteData */;
			targetProxy = 431F63461937BB2900AE9A8D /* PBXContainerItemProxy */;
		};
/* End PBXTargetDependency section */

/* Begin PBXVariantGroup section */
		431F632E1937BB2900AE9A8D /* InfoPlist.strings */ = {
			isa = PBXVariantGroup;
			children = (
				431F632F1937BB2900AE9A8D /* en */,
			);
			name = InfoPlist.strings;
			sourceTree = "<group>";
		};
		431F634B1937BB2900AE9A8D /* InfoPlist.strings */ = {
			isa = PBXVariantGroup;
			children = (
				431F634C1937BB2900AE9A8D /* en */,
			);
			name = InfoPlist.strings;
			sourceTree = "<group>";
		};
/* End PBXVariantGroup section */

/* Begin XCBuildConfiguration section */
		431F63501937BB2900AE9A8D /* Debug */ = {
			isa = XCBuildConfiguration;
			buildSettings = {
				ALWAYS_SEARCH_USER_PATHS = NO;
				CLANG_CXX_LANGUAGE_STANDARD = "gnu++0x";
				CLANG_CXX_LIBRARY = "libc++";
				CLANG_ENABLE_MODULES = YES;
				CLANG_ENABLE_OBJC_ARC = YES;
				CLANG_WARN_BOOL_CONVERSION = YES;
				CLANG_WARN_CONSTANT_CONVERSION = YES;
				CLANG_WARN_DIRECT_OBJC_ISA_USAGE = YES_ERROR;
				CLANG_WARN_EMPTY_BODY = YES;
				CLANG_WARN_ENUM_CONVERSION = YES;
				CLANG_WARN_INT_CONVERSION = YES;
				CLANG_WARN_OBJC_ROOT_CLASS = YES_ERROR;
				CLANG_WARN__DUPLICATE_METHOD_MATCH = YES;
				"CODE_SIGN_IDENTITY[sdk=iphoneos*]" = "iPhone Developer";
				COPY_PHASE_STRIP = NO;
				GCC_C_LANGUAGE_STANDARD = gnu99;
				GCC_DYNAMIC_NO_PIC = NO;
				GCC_OPTIMIZATION_LEVEL = 0;
				GCC_PREPROCESSOR_DEFINITIONS = (
					"DEBUG=1",
					"$(inherited)",
				);
				GCC_SYMBOLS_PRIVATE_EXTERN = NO;
				GCC_WARN_64_TO_32_BIT_CONVERSION = YES;
				GCC_WARN_ABOUT_RETURN_TYPE = YES_ERROR;
				GCC_WARN_UNDECLARED_SELECTOR = YES;
				GCC_WARN_UNINITIALIZED_AUTOS = YES_AGGRESSIVE;
				GCC_WARN_UNUSED_FUNCTION = YES;
				GCC_WARN_UNUSED_VARIABLE = YES;
				IPHONEOS_DEPLOYMENT_TARGET = 7.1;
				ONLY_ACTIVE_ARCH = YES;
				SDKROOT = iphoneos;
			};
			name = Debug;
		};
		431F63511937BB2900AE9A8D /* Release */ = {
			isa = XCBuildConfiguration;
			buildSettings = {
				ALWAYS_SEARCH_USER_PATHS = NO;
				CLANG_CXX_LANGUAGE_STANDARD = "gnu++0x";
				CLANG_CXX_LIBRARY = "libc++";
				CLANG_ENABLE_MODULES = YES;
				CLANG_ENABLE_OBJC_ARC = YES;
				CLANG_WARN_BOOL_CONVERSION = YES;
				CLANG_WARN_CONSTANT_CONVERSION = YES;
				CLANG_WARN_DIRECT_OBJC_ISA_USAGE = YES_ERROR;
				CLANG_WARN_EMPTY_BODY = YES;
				CLANG_WARN_ENUM_CONVERSION = YES;
				CLANG_WARN_INT_CONVERSION = YES;
				CLANG_WARN_OBJC_ROOT_CLASS = YES_ERROR;
				CLANG_WARN__DUPLICATE_METHOD_MATCH = YES;
				"CODE_SIGN_IDENTITY[sdk=iphoneos*]" = "iPhone Developer";
				COPY_PHASE_STRIP = YES;
				ENABLE_NS_ASSERTIONS = NO;
				GCC_C_LANGUAGE_STANDARD = gnu99;
				GCC_WARN_64_TO_32_BIT_CONVERSION = YES;
				GCC_WARN_ABOUT_RETURN_TYPE = YES_ERROR;
				GCC_WARN_UNDECLARED_SELECTOR = YES;
				GCC_WARN_UNINITIALIZED_AUTOS = YES_AGGRESSIVE;
				GCC_WARN_UNUSED_FUNCTION = YES;
				GCC_WARN_UNUSED_VARIABLE = YES;
				IPHONEOS_DEPLOYMENT_TARGET = 7.1;
				SDKROOT = iphoneos;
				VALIDATE_PRODUCT = YES;
			};
			name = Release;
		};
		431F63531937BB2900AE9A8D /* Debug */ = {
			isa = XCBuildConfiguration;
			buildSettings = {
				ASSETCATALOG_COMPILER_APPICON_NAME = AppIcon;
				ASSETCATALOG_COMPILER_LAUNCHIMAGE_NAME = LaunchImage;
				GCC_PRECOMPILE_PREFIX_HEADER = YES;
				GCC_PREFIX_HEADER = "ExampleReadWriteData/ExampleReadWriteData-Prefix.pch";
				INFOPLIST_FILE = "ExampleReadWriteData/ExampleReadWriteData-Info.plist";
				PRODUCT_NAME = "$(TARGET_NAME)";
				WRAPPER_EXTENSION = app;
			};
			name = Debug;
		};
		431F63541937BB2900AE9A8D /* Release */ = {
			isa = XCBuildConfiguration;
			buildSettings = {
				ASSETCATALOG_COMPILER_APPICON_NAME = AppIcon;
				ASSETCATALOG_COMPILER_LAUNCHIMAGE_NAME = LaunchImage;
				GCC_PRECOMPILE_PREFIX_HEADER = YES;
				GCC_PREFIX_HEADER = "ExampleReadWriteData/ExampleReadWriteData-Prefix.pch";
				INFOPLIST_FILE = "ExampleReadWriteData/ExampleReadWriteData-Info.plist";
				PRODUCT_NAME = "$(TARGET_NAME)";
				WRAPPER_EXTENSION = app;
			};
			name = Release;
		};
		431F63561937BB2900AE9A8D /* Debug */ = {
			isa = XCBuildConfiguration;
			buildSettings = {
				BUNDLE_LOADER = "$(BUILT_PRODUCTS_DIR)/ExampleReadWriteData.app/ExampleReadWriteData";
				FRAMEWORK_SEARCH_PATHS = (
					"$(SDKROOT)/Developer/Library/Frameworks",
					"$(inherited)",
					"$(DEVELOPER_FRAMEWORKS_DIR)",
				);
				GCC_PRECOMPILE_PREFIX_HEADER = YES;
				GCC_PREFIX_HEADER = "ExampleReadWriteData/ExampleReadWriteData-Prefix.pch";
				GCC_PREPROCESSOR_DEFINITIONS = (
					"DEBUG=1",
					"$(inherited)",
				);
				INFOPLIST_FILE = "ExampleReadWriteDataTests/ExampleReadWriteDataTests-Info.plist";
				PRODUCT_NAME = "$(TARGET_NAME)";
				TEST_HOST = "$(BUNDLE_LOADER)";
				WRAPPER_EXTENSION = xctest;
			};
			name = Debug;
		};
		431F63571937BB2900AE9A8D /* Release */ = {
			isa = XCBuildConfiguration;
			buildSettings = {
				BUNDLE_LOADER = "$(BUILT_PRODUCTS_DIR)/ExampleReadWriteData.app/ExampleReadWriteData";
				FRAMEWORK_SEARCH_PATHS = (
					"$(SDKROOT)/Developer/Library/Frameworks",
					"$(inherited)",
					"$(DEVELOPER_FRAMEWORKS_DIR)",
				);
				GCC_PRECOMPILE_PREFIX_HEADER = YES;
				GCC_PREFIX_HEADER = "ExampleReadWriteData/ExampleReadWriteData-Prefix.pch";
				INFOPLIST_FILE = "ExampleReadWriteDataTests/ExampleReadWriteDataTests-Info.plist";
				PRODUCT_NAME = "$(TARGET_NAME)";
				TEST_HOST = "$(BUNDLE_LOADER)";
				WRAPPER_EXTENSION = xctest;
			};
			name = Release;
		};
/* End XCBuildConfiguration section */

/* Begin XCConfigurationList section */
		431F631B1937BB2900AE9A8D /* Build configuration list for PBXProject "ExampleReadWriteData" */ = {
			isa = XCConfigurationList;
			buildConfigurations = (
				431F63501937BB2900AE9A8D /* Debug */,
				431F63511937BB2900AE9A8D /* Release */,
			);
			defaultConfigurationIsVisible = 0;
			defaultConfigurationName = Release;
		};
		431F63521937BB2900AE9A8D /* Build configuration list for PBXNativeTarget "ExampleReadWriteData" */ = {
			isa = XCConfigurationList;
			buildConfigurations = (
				431F63531937BB2900AE9A8D /* Debug */,
				431F63541937BB2900AE9A8D /* Release */,
			);
			defaultConfigurationIsVisible = 0;
		};
		431F63551937BB2900AE9A8D /* Build configuration list for PBXNativeTarget "ExampleReadWriteDataTests" */ = {
			isa = XCConfigurationList;
			buildConfigurations = (
				431F63561937BB2900AE9A8D /* Debug */,
				431F63571937BB2900AE9A8D /* Release */,
			);
			defaultConfigurationIsVisible = 0;
		};
/* End XCConfigurationList section */

/* Begin XCVersionGroup section */
		431F63371937BB2900AE9A8D /* ExampleReadWriteData.xcdatamodeld */ = {
			isa = XCVersionGroup;
			children = (
				431F63381937BB2900AE9A8D /* ExampleReadWriteData.xcdatamodel */,
			);
			currentVersion = 431F63381937BB2900AE9A8D /* ExampleReadWriteData.xcdatamodel */;
			path = ExampleReadWriteData.xcdatamodeld;
			sourceTree = "<group>";
			versionGroupType = wrapper.xcdatamodel;
		};
/* End XCVersionGroup section */
	};
	rootObject = 431F63181937BB2900AE9A8D /* Project object */;
}
